
Microsoft Visual Studio Solution File, Format Version 12.00
# Visual Studio Version 16
VisualStudioVersion = 16.0.33801.447
MinimumVisualStudioVersion = 10.0.40219.1
Project("{FAE04EC0-301F-11D3-BF4B-00C04F79EFBC}") = "GerenciadorDeLivraria", "GerenciadorDeLivraria.csproj", "{C91A4955-3283-4B1E-BACB-AD8644D67B23}"
EndProject
Global
	GlobalSection(SolutionConfigurationPlatforms) = preSolution
		Debug|Any CPU = Debug|Any CPU
		Release|Any CPU = Release|Any CPU
	EndGlobalSection
	GlobalSection(ProjectConfigurationPlatforms) = postSolution
		{C91A4955-3283-4B1E-BACB-AD8644D67B23}.Debug|Any CPU.ActiveCfg = Debug|Any CPU
		{C91A4955-3283-4B1E-BACB-AD8644D67B23}.Debug|Any CPU.Build.0 = Debug|Any CPU
		{C91A4955-3283-4B1E-BACB-AD8644D67B23}.Release|Any CPU.ActiveCfg = Release|Any CPU
		{C91A4955-3283-4B1E-BACB-AD8644D67B23}.Release|Any CPU.Build.0 = Release|Any CPU
	EndGlobalSection
	GlobalSection(SolutionProperties) = preSolution
		HideSolutionNode = FALSE
	EndGlobalSection
	GlobalSection(ExtensibilityGlobals) = postSolution
		SolutionGuid = {8311E86E-F4D0-4643-9CBD-728DE22CD342}
	EndGlobalSection
EndGlobal
